// !$*UTF8*$!
{
	archiveVersion = 1;
	classes = {
	};
	objectVersion = 77;
	objects = {

/* Begin PBXContainerItemProxy section */
		2B24CA762F1BBC330007252A /* PBXContainerItemProxy */ = {
			isa = PBXContainerItemProxy;
			containerPortal = 2B24CA602F1BBC320007252A /* Project object */;
			proxyType = 1;
			remoteGlobalIDString = 2B24CA672F1BBC320007252A;
			remoteInfo = PuzzleMaker;
		};
		2B24CA802F1BBC330007252A /* PBXContainerItemProxy */ = {
			isa = PBXContainerItemProxy;
			containerPortal = 2B24CA602F1BBC320007252A /* Project object */;
			proxyType = 1;
			remoteGlobalIDString = 2B24CA672F1BBC320007252A;
			remoteInfo = PuzzleMaker;
		};
/* End PBXContainerItemProxy section */

/* Begin PBXFileReference section */
		2B24CA682F1BBC320007252A /* PuzzleMaker.app */ = {isa = PBXFileReference; explicitFileType = wrapper.application; includeInIndex = 0; path = PuzzleMaker.app; sourceTree = BUILT_PRODUCTS_DIR; };
		2B24CA752F1BBC330007252A /* PuzzleMakerTests.xctest */ = {isa = PBXFileReference; explicitFileType = wrapper.cfbundle; includeInIndex = 0; path = PuzzleMakerTests.xctest; sourceTree = BUILT_PRODUCTS_DIR; };
		2B24CA7F2F1BBC330007252A /* PuzzleMakerUITests.xctest */ = {isa = PBXFileReference; explicitFileType = wrapper.cfbundle; includeInIndex = 0; path = PuzzleMakerUITests.xctest; sourceTree = BUILT_PRODUCTS_DIR; };
/* End PBXFileReference section */

/* Begin PBXFileSystemSynchronizedRootGroup section */
		2B24CA6A2F1BBC320007252A /* PuzzleMaker */ = {
			isa = PBXFileSystemSynchronizedRootGroup;
			path = PuzzleMaker;
			sourceTree = "<group>";
		};
		2B24CA782F1BBC330007252A /* PuzzleMakerTests */ = {
			isa = PBXFileSystemSynchronizedRootGroup;
			path = PuzzleMakerTests;
			sourceTree = "<group>";
		};
		2B24CA822F1BBC330007252A /* PuzzleMakerUITests */ = {
			isa = PBXFileSystemSynchronizedRootGroup;
			path = PuzzleMakerUITests;
			sourceTree = "<group>";
		};
/* End PBXFileSystemSynchronizedRootGroup section */

/* Begin PBXFrameworksBuildPhase section */
		2B24CA652F1BBC320007252A /* Frameworks */ = {
			isa = PBXFrameworksBuildPhase;
			buildActionMask = 2147483647;
			files = (
			);
			runOnlyForDeploymentPostprocessing = 0;
		};
		2B24CA722F1BBC330007252A /* Frameworks */ = {
			isa = PBXFrameworksBuildPhase;
			buildActionMask = 2147483647;
			files = (
			);
			runOnlyForDeploymentPostprocessing = 0;
		};
		2B24CA7C2F1BBC330007252A /* Frameworks */ = {
			isa = PBXFrameworksBuildPhase;
			buildActionMask = 2147483647;
			files = (
			);
			runOnlyForDeploymentPostprocessing = 0;
		};
/* End PBXFrameworksBuildPhase section */

/* Begin PBXGroup section */
		2B24CA5F2F1BBC320007252A = {
			isa = PBXGroup;
			children = (
				2B24CA6A2F1BBC320007252A /* PuzzleMaker */,
				2B24CA782F1BBC330007252A /* PuzzleMakerTests */,
				2B24CA822F1BBC330007252A /* PuzzleMakerUITests */,
				2B24CA692F1BBC320007252A /* Products */,
			);
			sourceTree = "<group>";
		};
		2B24CA692F1BBC320007252A /* Products */ = {
			isa = PBXGroup;
			children = (
				2B24CA682F1BBC320007252A /* PuzzleMaker.app */,
				2B24CA752F1BBC330007252A /* PuzzleMakerTests.xctest */,
				2B24CA7F2F1BBC330007252A /* PuzzleMakerUITests.xctest */,
			);
			name = Products;
			sourceTree = "<group>";
		};
/* End PBXGroup section */

/* Begin PBXNativeTarget section */
		2B24CA672F1BBC320007252A /* PuzzleMaker */ = {
			isa = PBXNativeTarget;
			buildConfigurationList = 2B24CA892F1BBC330007252A /* Build configuration list for PBXNativeTarget "PuzzleMaker" */;
			buildPhases = (
				2B24CA642F1BBC320007252A /* Sources */,
				2B24CA652F1BBC320007252A /* Frameworks */,
				2B24CA662F1BBC320007252A /* Resources */,
			);
			buildRules = (
			);
			dependencies = (
			);
			fileSystemSynchronizedGroups = (
				2B24CA6A2F1BBC320007252A /* PuzzleMaker */,
			);
			name = PuzzleMaker;
			packageProductDependencies = (
			);
			productName = PuzzleMaker;
			productReference = 2B24CA682F1BBC320007252A /* PuzzleMaker.app */;
			productType = "com.apple.product-type.application";
		};
		2B24CA742F1BBC330007252A /* PuzzleMakerTests */ = {
			isa = PBXNativeTarget;
			buildConfigurationList = 2B24CA8C2F1BBC330007252A /* Build configuration list for PBXNativeTarget "PuzzleMakerTests" */;
			buildPhases = (
				2B24CA712F1BBC330007252A /* Sources */,
				2B24CA722F1BBC330007252A /* Frameworks */,
				2B24CA732F1BBC330007252A /* Resources */,
			);
			buildRules = (
			);
			dependencies = (
				2B24CA772F1BBC330007252A /* PBXTargetDependency */,
			);
			fileSystemSynchronizedGroups = (
				2B24CA782F1BBC330007252A /* PuzzleMakerTests */,
			);
			name = PuzzleMakerTests;
			packageProductDependencies = (
			);
			productName = PuzzleMakerTests;
			productReference = 2B24CA752F1BBC330007252A /* PuzzleMakerTests.xctest */;
			productType = "com.apple.product-type.bundle.unit-test";
		};
		2B24CA7E2F1BBC330007252A /* PuzzleMakerUITests */ = {
			isa = PBXNativeTarget;
			buildConfigurationList = 2B24CA8F2F1BBC330007252A /* Build configuration list for PBXNativeTarget "PuzzleMakerUITests" */;
			buildPhases = (
				2B24CA7B2F1BBC330007252A /* Sources */,
				2B24CA7C2F1BBC330007252A /* Frameworks */,
				2B24CA7D2F1BBC330007252A /* Resources */,
			);
			buildRules = (
			);
			dependencies = (
				2B24CA812F1BBC330007252A /* PBXTargetDependency */,
			);
			fileSystemSynchronizedGroups = (
				2B24CA822F1BBC330007252A /* PuzzleMakerUITests */,
			);
			name = PuzzleMakerUITests;
			packageProductDependencies = (
			);
			productName = PuzzleMakerUITests;
			productReference = 2B24CA7F2F1BBC330007252A /* PuzzleMakerUITests.xctest */;
			productType = "com.apple.product-type.bundle.ui-testing";
		};
/* End PBXNativeTarget section */

/* Begin PBXProject section */
		2B24CA602F1BBC320007252A /* Project object */ = {
			isa = PBXProject;
			attributes = {
				BuildIndependentTargetsInParallel = 1;
				LastSwiftUpdateCheck = 1640;
				LastUpgradeCheck = 1640;
				TargetAttributes = {
					2B24CA672F1BBC320007252A = {
						CreatedOnToolsVersion = 16.4;
					};
					2B24CA742F1BBC330007252A = {
						CreatedOnToolsVersion = 16.4;
						TestTargetID = 2B24CA672F1BBC320007252A;
					};
					2B24CA7E2F1BBC330007252A = {
						CreatedOnToolsVersion = 16.4;
						TestTargetID = 2B24CA672F1BBC320007252A;
					};
				};
			};
			buildConfigurationList = 2B24CA632F1BBC320007252A /* Build configuration list for PBXProject "PuzzleMaker" */;
			developmentRegion = en;
			hasScannedForEncodings = 0;
			knownRegions = (
				en,
				Base,
			);
			mainGroup = 2B24CA5F2F1BBC320007252A;
			minimizedProjectReferenceProxies = 1;
			preferredProjectObjectVersion = 77;
			productRefGroup = 2B24CA692F1BBC320007252A /* Products */;
			projectDirPath = "";
			projectRoot = "";
			targets = (
				2B24CA672F1BBC320007252A /* PuzzleMaker */,
				2B24CA742F1BBC330007252A /* PuzzleMakerTests */,
				2B24CA7E2F1BBC330007252A /* PuzzleMakerUITests */,
			);
		};
/* End PBXProject section */

/* Begin PBXResourcesBuildPhase section */
		2B24CA662F1BBC320007252A /* Resources */ = {
			isa = PBXResourcesBuildPhase;
			buildActionMask = 2147483647;
			files = (
			);
			runOnlyForDeploymentPostprocessing = 0;
		};
		2B24CA732F1BBC330007252A /* Resources */ = {
			isa = PBXResourcesBuildPhase;
			buildActionMask = 2147483647;
			files = (
			);
			runOnlyForDeploymentPostprocessing = 0;
		};
		2B24CA7D2F1BBC330007252A /* Resources */ = {
			isa = PBXResourcesBuildPhase;
			buildActionMask = 2147483647;
			files = (
			);
			runOnlyForDeploymentPostprocessing = 0;
		};
/* End PBXResourcesBuildPhase section */

/* Begin PBXSourcesBuildPhase section */
		2B24CA642F1BBC320007252A /* Sources */ = {
			isa = PBXSourcesBuildPhase;
			buildActionMask = 2147483647;
			files = (
			);
			runOnlyForDeploymentPostprocessing = 0;
		};
		2B24CA712F1BBC330007252A /* Sources */ = {
			isa = PBXSourcesBuildPhase;
			buildActionMask = 2147483647;
			files = (
			);
			runOnlyForDeploymentPostprocessing = 0;
		};
		2B24CA7B2F1BBC330007252A /* Sources */ = {
			isa = PBXSourcesBuildPhase;
			buildActionMask = 2147483647;
			files = (
			);
			runOnlyForDeploymentPostprocessing = 0;
		};
/* End PBXSourcesBuildPhase section */

/* Begin PBXTargetDependency section */
		2B24CA772F1BBC330007252A /* PBXTargetDependency */ = {
			isa = PBXTargetDependency;
			target = 2B24CA672F1BBC320007252A /* PuzzleMaker */;
			targetProxy = 2B24CA762F1BBC330007252A /* PBXContainerItemProxy */;
		};
		2B24CA812F1BBC330007252A /* PBXTargetDependency */ = {
			isa = PBXTargetDependency;
			target = 2B24CA672F1BBC320007252A /* PuzzleMaker */;
			targetProxy = 2B24CA802F1BBC330007252A /* PBXContainerItemProxy */;
		};
/* End PBXTargetDependency section */

/* Begin XCBuildConfiguration section */
		2B24CA872F1BBC330007252A /* Debug */ = {
			isa = XCBuildConfiguration;
			buildSettings = {
				ALWAYS_SEARCH_USER_PATHS = NO;
				ASSETCATALOG_COMPILER_GENERATE_SWIFT_ASSET_SYMBOL_EXTENSIONS = YES;
				CLANG_ANALYZER_NONNULL = YES;
				CLANG_ANALYZER_NUMBER_OBJECT_CONVERSION = YES_AGGRESSIVE;
				CLANG_CXX_LANGUAGE_STANDARD = "gnu++20";
				CLANG_ENABLE_MODULES = YES;
				CLANG_ENABLE_OBJC_ARC = YES;
				CLANG_ENABLE_OBJC_WEAK = YES;
				CLANG_WARN_BLOCK_CAPTURE_AUTORELEASING = YES;
				CLANG_WARN_BOOL_CONVERSION = YES;
				CLANG_WARN_COMMA = YES;
				CLANG_WARN_CONSTANT_CONVERSION = YES;
				CLANG_WARN_DEPRECATED_OBJC_IMPLEMENTATIONS = YES;
				CLANG_WARN_DIRECT_OBJC_ISA_USAGE = YES_ERROR;
				CLANG_WARN_DOCUMENTATION_COMMENTS = YES;
				CLANG_WARN_EMPTY_BODY = YES;
				CLANG_WARN_ENUM_CONVERSION = YES;
				CLANG_WARN_INFINITE_RECURSION = YES;
				CLANG_WARN_INT_CONVERSION = YES;
				CLANG_WARN_NON_LITERAL_NULL_CONVERSION = YES;
				CLANG_WARN_OBJC_IMPLICIT_RETAIN_SELF = YES;
				CLANG_WARN_OBJC_LITERAL_CONVERSION = YES;
				CLANG_WARN_OBJC_ROOT_CLASS = YES_ERROR;
				CLANG_WARN_QUOTED_INCLUDE_IN_FRAMEWORK_HEADER = YES;
				CLANG_WARN_RANGE_LOOP_ANALYSIS = YES;
				CLANG_WARN_STRICT_PROTOTYPES = YES;
				CLANG_WARN_SUSPICIOUS_MOVE = YES;
				CLANG_WARN_UNGUARDED_AVAILABILITY = YES_AGGRESSIVE;
				CLANG_WARN_UNREACHABLE_CODE = YES;
				CLANG_WARN__DUPLICATE_METHOD_MATCH = YES;
				COPY_PHASE_STRIP = NO;
				DEBUG_INFORMATION_FORMAT = dwarf;
				DEVELOPMENT_TEAM = 4UY2UL4D4J;
				ENABLE_STRICT_OBJC_MSGSEND = YES;
				ENABLE_TESTABILITY = YES;
				ENABLE_USER_SCRIPT_SANDBOXING = YES;
				GCC_C_LANGUAGE_STANDARD = gnu17;
				GCC_DYNAMIC_NO_PIC = NO;
				GCC_NO_COMMON_BLOCKS = YES;
				GCC_OPTIMIZATION_LEVEL = 0;
				GCC_PREPROCESSOR_DEFINITIONS = (
					"DEBUG=1",
					"$(inherited)",
				);
				GCC_WARN_64_TO_32_BIT_CONVERSION = YES;
				GCC_WARN_ABOUT_RETURN_TYPE = YES_ERROR;
				GCC_WARN_UNDECLARED_SELECTOR = YES;
				GCC_WARN_UNINITIALIZED_AUTOS = YES_AGGRESSIVE;
				GCC_WARN_UNUSED_FUNCTION = YES;
				GCC_WARN_UNUSED_VARIABLE = YES;
				IPHONEOS_DEPLOYMENT_TARGET = 18.5;
				LOCALIZATION_PREFERS_STRING_CATALOGS = YES;
				MTL_ENABLE_DEBUG_INFO = INCLUDE_SOURCE;
				MTL_FAST_MATH = YES;
				ONLY_ACTIVE_ARCH = YES;
				SDKROOT = iphoneos;
				SWIFT_ACTIVE_COMPILATION_CONDITIONS = "DEBUG $(inherited)";
				SWIFT_OPTIMIZATION_LEVEL = "-Onone";
			};
			name = Debug;
		};
		2B24CA882F1BBC330007252A /* Release */ = {
			isa = XCBuildConfiguration;
			buildSettings = {
				ALWAYS_SEARCH_USER_PATHS = NO;
				ASSETCATALOG_COMPILER_GENERATE_SWIFT_ASSET_SYMBOL_EXTENSIONS = YES;
				CLANG_ANALYZER_NONNULL = YES;
				CLANG_ANALYZER_NUMBER_OBJECT_CONVERSION = YES_AGGRESSIVE;
				CLANG_CXX_LANGUAGE_STANDARD = "gnu++20";
				CLANG_ENABLE_MODULES = YES;
				CLANG_ENABLE_OBJC_ARC = YES;
				CLANG_ENABLE_OBJC_WEAK = YES;
				CLANG_WARN_BLOCK_CAPTURE_AUTORELEASING = YES;
				CLANG_WARN_BOOL_CONVERSION = YES;
				CLANG_WARN_COMMA = YES;
				CLANG_WARN_CONSTANT_CONVERSION = YES;
				CLANG_WARN_DEPRECATED_OBJC_IMPLEMENTATIONS = YES;
				CLANG_WARN_DIRECT_OBJC_ISA_USAGE = YES_ERROR;
				CLANG_WARN_DOCUMENTATION_COMMENTS = YES;
				CLANG_WARN_EMPTY_BODY = YES;
				CLANG_WARN_ENUM_CONVERSION = YES;
				CLANG_WARN_INFINITE_RECURSION = YES;
				CLANG_WARN_INT_CONVERSION = YES;
				CLANG_WARN_NON_LITERAL_NULL_CONVERSION = YES;
				CLANG_WARN_OBJC_IMPLICIT_RETAIN_SELF = YES;
				CLANG_WARN_OBJC_LITERAL_CONVERSION = YES;
				CLANG_WARN_OBJC_ROOT_CLASS = YES_ERROR;
				CLANG_WARN_QUOTED_INCLUDE_IN_FRAMEWORK_HEADER = YES;
				CLANG_WARN_RANGE_LOOP_ANALYSIS = YES;
				CLANG_WARN_STRICT_PROTOTYPES = YES;
				CLANG_WARN_SUSPICIOUS_MOVE = YES;
				CLANG_WARN_UNGUARDED_AVAILABILITY = YES_AGGRESSIVE;
				CLANG_WARN_UNREACHABLE_CODE = YES;
				CLANG_WARN__DUPLICATE_METHOD_MATCH = YES;
				COPY_PHASE_STRIP = NO;
				DEBUG_INFORMATION_FORMAT = "dwarf-with-dsym";
				DEVELOPMENT_TEAM = 4UY2UL4D4J;
				ENABLE_NS_ASSERTIONS = NO;
				ENABLE_STRICT_OBJC_MSGSEND = YES;
				ENABLE_USER_SCRIPT_SANDBOXING = YES;
				GCC_C_LANGUAGE_STANDARD = gnu17;
				GCC_NO_COMMON_BLOCKS = YES;
				GCC_WARN_64_TO_32_BIT_CONVERSION = YES;
				GCC_WARN_ABOUT_RETURN_TYPE = YES_ERROR;
				GCC_WARN_UNDECLARED_SELECTOR = YES;
				GCC_WARN_UNINITIALIZED_AUTOS = YES_AGGRESSIVE;
				GCC_WARN_UNUSED_FUNCTION = YES;
				GCC_WARN_UNUSED_VARIABLE = YES;
				IPHONEOS_DEPLOYMENT_TARGET = 18.5;
				LOCALIZATION_PREFERS_STRING_CATALOGS = YES;
				MTL_ENABLE_DEBUG_INFO = NO;
				MTL_FAST_MATH = YES;
				SDKROOT = iphoneos;
				SWIFT_COMPILATION_MODE = wholemodule;
				VALIDATE_PRODUCT = YES;
			};
			name = Release;
		};
		2B24CA8A2F1BBC330007252A /* Debug */ = {
			isa = XCBuildConfiguration;
			buildSettings = {
				ASSETCATALOG_COMPILER_APPICON_NAME = AppIcon;
				ASSETCATALOG_COMPILER_GLOBAL_ACCENT_COLOR_NAME = AccentColor;
				CODE_SIGN_STYLE = Automatic;
				CURRENT_PROJECT_VERSION = 1;
				DEVELOPMENT_TEAM = 4UY2UL4D4J;
				ENABLE_PREVIEWS = YES;
				GENERATE_INFOPLIST_FILE = YES;
				INFOPLIST_KEY_UIApplicationSceneManifest_Generation = YES;
				INFOPLIST_KEY_UIApplicationSupportsIndirectInputEvents = YES;
				INFOPLIST_KEY_UILaunchScreen_Generation = YES;
				INFOPLIST_KEY_UISupportedInterfaceOrientations_iPad = "UIInterfaceOrientationPortrait UIInterfaceOrientationPortraitUpsideDown UIInterfaceOrientationLandscapeLeft UIInterfaceOrientationLandscapeRight";
				INFOPLIST_KEY_UISupportedInterfaceOrientations_iPhone = "UIInterfaceOrientationPortrait UIInterfaceOrientationLandscapeLeft UIInterfaceOrientationLandscapeRight";
				LD_RUNPATH_SEARCH_PATHS = (
					"$(inherited)",
					"@executable_path/Frameworks",
				);
				MARKETING_VERSION = 1.0;
				PRODUCT_BUNDLE_IDENTIFIER = santamaru.PuzzleMaker;
				PRODUCT_NAME = "$(TARGET_NAME)";
				SWIFT_EMIT_LOC_STRINGS = YES;
				SWIFT_VERSION = 5.0;
				TARGETED_DEVICE_FAMILY = "1,2";
			};
			name = Debug;
		};
		2B24CA8B2F1BBC330007252A /* Release */ = {
			isa = XCBuildConfiguration;
			buildSettings = {
				ASSETCATALOG_COMPILER_APPICON_NAME = AppIcon;
				ASSETCATALOG_COMPILER_GLOBAL_ACCENT_COLOR_NAME = AccentColor;
				CODE_SIGN_STYLE = Automatic;
				CURRENT_PROJECT_VERSION = 1;
				DEVELOPMENT_TEAM = 4UY2UL4D4J;
				ENABLE_PREVIEWS = YES;
				GENERATE_INFOPLIST_FILE = YES;
				INFOPLIST_KEY_UIApplicationSceneManifest_Generation = YES;
				INFOPLIST_KEY_UIApplicationSupportsIndirectInputEvents = YES;
				INFOPLIST_KEY_UILaunchScreen_Generation = YES;
				INFOPLIST_KEY_UISupportedInterfaceOrientations_iPad = "UIInterfaceOrientationPortrait UIInterfaceOrientationPortraitUpsideDown UIInterfaceOrientationLandscapeLeft UIInterfaceOrientationLandscapeRight";
				INFOPLIST_KEY_UISupportedInterfaceOrientations_iPhone = "UIInterfaceOrientationPortrait UIInterfaceOrientationLandscapeLeft UIInterfaceOrientationLandscapeRight";
				LD_RUNPATH_SEARCH_PATHS = (
					"$(inherited)",
					"@executable_path/Frameworks",
				);
				MARKETING_VERSION = 1.0;
				PRODUCT_BUNDLE_IDENTIFIER = santamaru.PuzzleMaker;
				PRODUCT_NAME = "$(TARGET_NAME)";
				SWIFT_EMIT_LOC_STRINGS = YES;
				SWIFT_VERSION = 5.0;
				TARGETED_DEVICE_FAMILY = "1,2";
			};
			name = Release;
		};
		2B24CA8D2F1BBC330007252A /* Debug */ = {
			isa = XCBuildConfiguration;
			buildSettings = {
				BUNDLE_LOADER = "$(TEST_HOST)";
				CODE_SIGN_STYLE = Automatic;
				CURRENT_PROJECT_VERSION = 1;
				DEVELOPMENT_TEAM = 4UY2UL4D4J;
				GENERATE_INFOPLIST_FILE = YES;
				IPHONEOS_DEPLOYMENT_TARGET = 18.5;
				MARKETING_VERSION = 1.0;
				PRODUCT_BUNDLE_IDENTIFIER = santamaru.PuzzleMakerTests;
				PRODUCT_NAME = "$(TARGET_NAME)";
				SWIFT_EMIT_LOC_STRINGS = NO;
				SWIFT_VERSION = 5.0;
				TARGETED_DEVICE_FAMILY = "1,2";
				TEST_HOST = "$(BUILT_PRODUCTS_DIR)/PuzzleMaker.app/$(BUNDLE_EXECUTABLE_FOLDER_PATH)/PuzzleMaker";
			};
			name = Debug;
		};
		2B24CA8E2F1BBC330007252A /* Release */ = {
			isa = XCBuildConfiguration;
			buildSettings = {
				BUNDLE_LOADER = "$(TEST_HOST)";
				CODE_SIGN_STYLE = Automatic;
				CURRENT_PROJECT_VERSION = 1;
				DEVELOPMENT_TEAM = 4UY2UL4D4J;
				GENERATE_INFOPLIST_FILE = YES;
				IPHONEOS_DEPLOYMENT_TARGET = 18.5;
				MARKETING_VERSION = 1.0;
				PRODUCT_BUNDLE_IDENTIFIER = santamaru.PuzzleMakerTests;
				PRODUCT_NAME = "$(TARGET_NAME)";
				SWIFT_EMIT_LOC_STRINGS = NO;
				SWIFT_VERSION = 5.0;
				TARGETED_DEVICE_FAMILY = "1,2";
				TEST_HOST = "$(BUILT_PRODUCTS_DIR)/PuzzleMaker.app/$(BUNDLE_EXECUTABLE_FOLDER_PATH)/PuzzleMaker";
			};
			name = Release;
		};
		2B24CA902F1BBC330007252A /* Debug */ = {
			isa = XCBuildConfiguration;
			buildSettings = {
				CODE_SIGN_STYLE = Automatic;
				CURRENT_PROJECT_VERSION = 1;
				DEVELOPMENT_TEAM = 4UY2UL4D4J;
				GENERATE_INFOPLIST_FILE = YES;
				MARKETING_VERSION = 1.0;
				PRODUCT_BUNDLE_IDENTIFIER = santamaru.PuzzleMakerUITests;
				PRODUCT_NAME = "$(TARGET_NAME)";
				SWIFT_EMIT_LOC_STRINGS = NO;
				SWIFT_VERSION = 5.0;
				TARGETED_DEVICE_FAMILY = "1,2";
				TEST_TARGET_NAME = PuzzleMaker;
			};
			name = Debug;
		};
		2B24CA912F1BBC330007252A /* Release */ = {
			isa = XCBuildConfiguration;
			buildSettings = {
				CODE_SIGN_STYLE = Automatic;
				CURRENT_PROJECT_VERSION = 1;
				DEVELOPMENT_TEAM = 4UY2UL4D4J;
				GENERATE_INFOPLIST_FILE = YES;
				MARKETING_VERSION = 1.0;
				PRODUCT_BUNDLE_IDENTIFIER = santamaru.PuzzleMakerUITests;
				PRODUCT_NAME = "$(TARGET_NAME)";
				SWIFT_EMIT_LOC_STRINGS = NO;
				SWIFT_VERSION = 5.0;
				TARGETED_DEVICE_FAMILY = "1,2";
				TEST_TARGET_NAME = PuzzleMaker;
			};
			name = Release;
		};
/* End XCBuildConfiguration section */

/* Begin XCConfigurationList section */
		2B24CA632F1BBC320007252A /* Build configuration list for PBXProject "PuzzleMaker" */ = {
			isa = XCConfigurationList;
			buildConfigurations = (
				2B24CA872F1BBC330007252A /* Debug */,
				2B24CA882F1BBC330007252A /* Release */,
			);
			defaultConfigurationIsVisible = 0;
			defaultConfigurationName = Release;
		};
		2B24CA892F1BBC330007252A /* Build configuration list for PBXNativeTarget "PuzzleMaker" */ = {
			isa = XCConfigurationList;
			buildConfigurations = (
				2B24CA8A2F1BBC330007252A /* Debug */,
				2B24CA8B2F1BBC330007252A /* Release */,
			);
			defaultConfigurationIsVisible = 0;
			defaultConfigurationName = Release;
		};
		2B24CA8C2F1BBC330007252A /* Build configuration list for PBXNativeTarget "PuzzleMakerTests" */ = {
			isa = XCConfigurationList;
			buildConfigurations = (
				2B24CA8D2F1BBC330007252A /* Debug */,
				2B24CA8E2F1BBC330007252A /* Release */,
			);
			defaultConfigurationIsVisible = 0;
			defaultConfigurationName = Release;
		};
		2B24CA8F2F1BBC330007252A /* Build configuration list for PBXNativeTarget "PuzzleMakerUITests" */ = {
			isa = XCConfigurationList;
			buildConfigurations = (
				2B24CA902F1BBC330007252A /* Debug */,
				2B24CA912F1BBC330007252A /* Release */,
			);
			defaultConfigurationIsVisible = 0;
			defaultConfigurationName = Release;
		};
/* End XCConfigurationList section */
	};
	rootObject = 2B24CA602F1BBC320007252A /* Project object */;
}
